
Microsoft Visual Studio Solution File, Format Version 12.00
# Visual Studio Version 16
VisualStudioVersion = 16.0.31624.102
MinimumVisualStudioVersion = 10.0.40219.1
Project("{FAE04EC0-301F-11D3-BF4B-00C04F79EFBC}") = "Exercicio 2 Conjuntos", "Exercicio 2 Conjuntos\Exercicio 2 Conjuntos.csproj", "{F3552293-B3BE-430A-B67E-4A2F4263BFFD}"
EndProject
Global
	GlobalSection(SolutionConfigurationPlatforms) = preSolution
		Debug|Any CPU = Debug|Any CPU
		Release|Any CPU = Release|Any CPU
	EndGlobalSection
	GlobalSection(ProjectConfigurationPlatforms) = postSolution
		{F3552293-B3BE-430A-B67E-4A2F4263BFFD}.Debug|Any CPU.ActiveCfg = Debug|Any CPU
		{F3552293-B3BE-430A-B67E-4A2F4263BFFD}.Debug|Any CPU.Build.0 = Debug|Any CPU
		{F3552293-B3BE-430A-B67E-4A2F4263BFFD}.Release|Any CPU.ActiveCfg = Release|Any CPU
		{F3552293-B3BE-430A-B67E-4A2F4263BFFD}.Release|Any CPU.Build.0 = Release|Any CPU
	EndGlobalSection
	GlobalSection(SolutionProperties) = preSolution
		HideSolutionNode = FALSE
	EndGlobalSection
	GlobalSection(ExtensibilityGlobals) = postSolution
		SolutionGuid = {EBBDF4B0-E012-486B-B0C1-256364911A0D}
	EndGlobalSection
EndGlobal
